PODS:
  - InnotechIMProtocol (0.1.0)

DEPENDENCIES:
  - InnotechIMProtocol (from `../`)

EXTERNAL SOURCES:
  InnotechIMProtocol:
    :path: "../"

SPEC CHECKSUMS:
  InnotechIMProtocol: 5d239c42de13a78fa167da63dd1aa5ef476bb33a

PODFILE CHECKSUM: a3cd7d7d07626f1f9d7318021fa7bbc168bb4486

COCOAPODS: 1.8.3
